
Microsoft Visual Studio Solution File, Format Version 12.00
# Visual Studio Version 17
VisualStudioVersion = 17.12.35707.178 d17.12
MinimumVisualStudioVersion = 10.0.40219.1
Project("{FAE04EC0-301F-11D3-BF4B-00C04F79EFBC}") = "appCrud", "appCrud\appCrud.csproj", "{F118F663-195C-44A1-9E82-3EF20C95F58A}"
EndProject
Global
	GlobalSection(SolutionConfigurationPlatforms) = preSolution
		Debug|Any CPU = Debug|Any CPU
		Release|Any CPU = Release|Any CPU
	EndGlobalSection
	GlobalSection(ProjectConfigurationPlatforms) = postSolution
		{F118F663-195C-44A1-9E82-3EF20C95F58A}.Debug|Any CPU.ActiveCfg = Debug|Any CPU
		{F118F663-195C-44A1-9E82-3EF20C95F58A}.Debug|Any CPU.Build.0 = Debug|Any CPU
		{F118F663-195C-44A1-9E82-3EF20C95F58A}.Release|Any CPU.ActiveCfg = Release|Any CPU
		{F118F663-195C-44A1-9E82-3EF20C95F58A}.Release|Any CPU.Build.0 = Release|Any CPU
	EndGlobalSection
	GlobalSection(SolutionProperties) = preSolution
		HideSolutionNode = FALSE
	EndGlobalSection
EndGlobal
